
Microsoft Visual Studio Solution File, Format Version 12.00
# Visual Studio Version 17
VisualStudioVersion = 17.9.34714.143
MinimumVisualStudioVersion = 10.0.40219.1
Project("{FAE04EC0-301F-11D3-BF4B-00C04F79EFBC}") = "HostsChanger", "HostsChanger\HostsChanger.csproj", "{7AF2D839-7303-4758-8663-D7D173E2D2E4}"
EndProject
Global
	GlobalSection(SolutionConfigurationPlatforms) = preSolution
		Debug|Any CPU = Debug|Any CPU
		Release|Any CPU = Release|Any CPU
	EndGlobalSection
	GlobalSection(ProjectConfigurationPlatforms) = postSolution
		{7AF2D839-7303-4758-8663-D7D173E2D2E4}.Debug|Any CPU.ActiveCfg = Debug|Any CPU
		{7AF2D839-7303-4758-8663-D7D173E2D2E4}.Debug|Any CPU.Build.0 = Debug|Any CPU
		{7AF2D839-7303-4758-8663-D7D173E2D2E4}.Release|Any CPU.ActiveCfg = Release|Any CPU
		{7AF2D839-7303-4758-8663-D7D173E2D2E4}.Release|Any CPU.Build.0 = Release|Any CPU
	EndGlobalSection
	GlobalSection(SolutionProperties) = preSolution
		HideSolutionNode = FALSE
	EndGlobalSection
	GlobalSection(ExtensibilityGlobals) = postSolution
		SolutionGuid = {F56DE743-E58E-40AA-8E52-BB479D90A1EC}
	EndGlobalSection
EndGlobal
